
Microsoft Visual Studio Solution File, Format Version 12.00
# Visual Studio 15
VisualStudioVersion = 15.0.28307.329
MinimumVisualStudioVersion = 10.0.40219.1
Project("{FAE04EC0-301F-11D3-BF4B-00C04F79EFBC}") = "ApiToLoad", "ApiToLoad\ApiToLoad.csproj", "{92F2E7B6-E2F1-4BA9-A8B0-23B3BA3956EA}"
EndProject
Global
	GlobalSection(SolutionConfigurationPlatforms) = preSolution
		Debug|Any CPU = Debug|Any CPU
		Release|Any CPU = Release|Any CPU
	EndGlobalSection
	GlobalSection(ProjectConfigurationPlatforms) = postSolution
		{92F2E7B6-E2F1-4BA9-A8B0-23B3BA3956EA}.Debug|Any CPU.ActiveCfg = Debug|Any CPU
		{92F2E7B6-E2F1-4BA9-A8B0-23B3BA3956EA}.Debug|Any CPU.Build.0 = Debug|Any CPU
		{92F2E7B6-E2F1-4BA9-A8B0-23B3BA3956EA}.Release|Any CPU.ActiveCfg = Release|Any CPU
		{92F2E7B6-E2F1-4BA9-A8B0-23B3BA3956EA}.Release|Any CPU.Build.0 = Release|Any CPU
	EndGlobalSection
	GlobalSection(SolutionProperties) = preSolution
		HideSolutionNode = FALSE
	EndGlobalSection
	GlobalSection(ExtensibilityGlobals) = postSolution
		SolutionGuid = {4FC4B050-2CE7-45F1-909F-0FC63AFC462A}
	EndGlobalSection
EndGlobal
